
Microsoft Visual Studio Solution File, Format Version 12.00
# Visual Studio 2013
VisualStudioVersion = 12.0.30501.0
MinimumVisualStudioVersion = 10.0.40219.1
Project("{FAE04EC0-301F-11D3-BF4B-00C04F79EFBC}") = "PhoneCat", "PhoneCat\PhoneCat.csproj", "{3B527DD5-086E-4AF3-9DE5-8501D968FA16}"
EndProject
Project("{FAE04EC0-301F-11D3-BF4B-00C04F79EFBC}") = "PhoneCat.Tests", "PhoneCat.Tests\PhoneCat.Tests.csproj", "{5357213B-ED17-4003-A7BF-921261B64442}"
EndProject
Global
	GlobalSection(SolutionConfigurationPlatforms) = preSolution
		Debug|Any CPU = Debug|Any CPU
		Release|Any CPU = Release|Any CPU
	EndGlobalSection
	GlobalSection(ProjectConfigurationPlatforms) = postSolution
		{3B527DD5-086E-4AF3-9DE5-8501D968FA16}.Debug|Any CPU.ActiveCfg = Debug|Any CPU
		{3B527DD5-086E-4AF3-9DE5-8501D968FA16}.Debug|Any CPU.Build.0 = Debug|Any CPU
		{3B527DD5-086E-4AF3-9DE5-8501D968FA16}.Release|Any CPU.ActiveCfg = Release|Any CPU
		{3B527DD5-086E-4AF3-9DE5-8501D968FA16}.Release|Any CPU.Build.0 = Release|Any CPU
		{5357213B-ED17-4003-A7BF-921261B64442}.Debug|Any CPU.ActiveCfg = Debug|Any CPU
		{5357213B-ED17-4003-A7BF-921261B64442}.Debug|Any CPU.Build.0 = Debug|Any CPU
		{5357213B-ED17-4003-A7BF-921261B64442}.Release|Any CPU.ActiveCfg = Release|Any CPU
		{5357213B-ED17-4003-A7BF-921261B64442}.Release|Any CPU.Build.0 = Release|Any CPU
	EndGlobalSection
	GlobalSection(SolutionProperties) = preSolution
		HideSolutionNode = FALSE
	EndGlobalSection
EndGlobal
